{
  "nodes": {
    "alacritty-src": {
      "flake": false,
      "locked": {
        "lastModified": 1612842776,
        "narHash": "sha256-1dGk4ORzMSUQhuKSt5Yo7rOJCJ5/folwPX2tLiu0suA=",
        "owner": "zenixls2",
        "repo": "alacritty",
        "rev": "3ed043046fc74f288d4c8fa7e4463dc201213500",
        "type": "github"
      },
      "original": {
        "owner": "zenixls2",
        "ref": "ligature",
        "repo": "alacritty",
        "type": "github"
      }
    },
    "awesome-src": {
      "flake": false,
      "locked": {
        "lastModified": 1640899424,
        "narHash": "sha256-xlfPAyWHSXZv2WihQM2ixOXyyYZ6rOUN+1zXG32XkM8=",
        "owner": "awesomeWM",
        "repo": "awesome",
        "rev": "21b908bef9043c8fe80e0f98c9460991f37b3d10",
        "type": "github"
      },
      "original": {
        "owner": "awesomeWM",
        "repo": "awesome",
        "type": "github"
      }
    },
    "bling": {
      "flake": false,
      "locked": {
        "lastModified": 1642386400,
        "narHash": "sha256-JcmSTYewAgrgHWDQyu5Kytj3i/xjKVCPbKnAz22+s48=",
        "owner": "BlingCorp",
        "repo": "bling",
        "rev": "9b88048ce9e768455a0ecb771cbcee6bb06f6c97",
        "type": "github"
      },
      "original": {
        "owner": "BlingCorp",
        "repo": "bling",
        "type": "github"
      }
    },
    "cachix": {
      "locked": {
        "lastModified": 1640169700,
        "narHash": "sha256-Y+WR7cpiUTroEtoGR8Q3KMbFARvOiACLLmNQ+/iEz2E=",
        "owner": "nixos",
        "repo": "nixpkgs",
        "rev": "3f0e4de0c2d2c85d7abce260f8c17c8ef5b78e5b",
        "type": "github"
      },
      "original": {
        "owner": "nixos",
        "ref": "nixos-21.05",
        "repo": "nixpkgs",
        "type": "github"
      }
    },
    "emacs-overlay": {
      "locked": {
        "lastModified": 1641351592,
        "narHash": "sha256-/ffWBmgbmQgAap0fC6xqdcAoE+vCbUHOgujxYtxhTUY=",
        "owner": "nix-community",
        "repo": "emacs-overlay",
        "rev": "631ff2c8212e027514af3ec4fb5467dc3efa5b0e",
        "type": "github"
      },
      "original": {
        "owner": "nix-community",
        "repo": "emacs-overlay",
        "type": "github"
      }
    },
    "eww": {
      "inputs": {
        "fenix": "fenix",
        "flake-compat": "flake-compat_2",
        "flake-utils": "flake-utils_2",
        "naersk": "naersk",
        "nixpkgs": "nixpkgs_6"
      },
      "locked": {
        "lastModified": 1639928775,
        "narHash": "sha256-VntDl7JaIfvn3pd+2uDocnXFRkPnQQbRkYDn4XWeC5o=",
        "owner": "elkowar",
        "repo": "eww",
        "rev": "106106ade31e7cc669f2ae53f24191cd0a683c39",
        "type": "github"
      },
      "original": {
        "owner": "elkowar",
        "repo": "eww",
        "type": "github"
      }
    },
    "fenix": {
      "inputs": {
        "nixpkgs": "nixpkgs_4",
        "rust-analyzer-src": "rust-analyzer-src"
      },
      "locked": {
        "lastModified": 1630895391,
        "narHash": "sha256-yokHZl7RvKfvmAmouI0Zr5x4SKhYvukRcU8XzRk7yf0=",
        "owner": "nix-community",
        "repo": "fenix",
        "rev": "3893e32c15e2ba4999510de67023a31d6f0e8b6e",
        "type": "github"
      },
      "original": {
        "owner": "nix-community",
        "repo": "fenix",
        "type": "github"
      }
    },
    "flake-compat": {
      "flake": false,
      "locked": {
        "lastModified": 1641205782,
        "narHash": "sha256-4jY7RCWUoZ9cKD8co0/4tFARpWB+57+r1bLLvXNJliY=",
        "owner": "edolstra",
        "repo": "flake-compat",
        "rev": "b7547d3eed6f32d06102ead8991ec52ab0a4f1a7",
        "type": "github"
      },
      "original": {
        "owner": "edolstra",
        "repo": "flake-compat",
        "type": "github"
      }
    },
    "flake-compat_2": {
      "flake": false,
      "locked": {
        "lastModified": 1627913399,
        "narHash": "sha256-hY8g6H2KFL8ownSiFeMOjwPC8P0ueXpCVEbxgda3pko=",
        "owner": "edolstra",
        "repo": "flake-compat",
        "rev": "12c64ca55c1014cdc1b16ed5a804aa8576601ff2",
        "type": "github"
      },
      "original": {
        "owner": "edolstra",
        "repo": "flake-compat",
        "type": "github"
      }
    },
    "flake-compat_3": {
      "flake": false,
      "locked": {
        "lastModified": 1641205782,
        "narHash": "sha256-4jY7RCWUoZ9cKD8co0/4tFARpWB+57+r1bLLvXNJliY=",
        "owner": "edolstra",
        "repo": "flake-compat",
        "rev": "b7547d3eed6f32d06102ead8991ec52ab0a4f1a7",
        "type": "github"
      },
      "original": {
        "owner": "edolstra",
        "repo": "flake-compat",
        "type": "github"
      }
    },
    "flake-utils": {
      "locked": {
        "lastModified": 1629481132,
        "narHash": "sha256-JHgasjPR0/J1J3DRm4KxM4zTyAj4IOJY8vIl75v/kPI=",
        "owner": "numtide",
        "repo": "flake-utils",
        "rev": "997f7efcb746a9c140ce1f13c72263189225f482",
        "type": "github"
      },
      "original": {
        "owner": "numtide",
        "repo": "flake-utils",
        "type": "github"
      }
    },
    "flake-utils_2": {
      "locked": {
        "lastModified": 1629481132,
        "narHash": "sha256-JHgasjPR0/J1J3DRm4KxM4zTyAj4IOJY8vIl75v/kPI=",
        "owner": "numtide",
        "repo": "flake-utils",
        "rev": "997f7efcb746a9c140ce1f13c72263189225f482",
        "type": "github"
      },
      "original": {
        "owner": "numtide",
        "repo": "flake-utils",
        "type": "github"
      }
    },
    "flake-utils_3": {
      "locked": {
        "lastModified": 1638122382,
        "narHash": "sha256-sQzZzAbvKEqN9s0bzWuYmRaA03v40gaJ4+iL1LXjaeI=",
        "owner": "numtide",
        "repo": "flake-utils",
        "rev": "74f7e4319258e287b0f9cb95426c9853b282730b",
        "type": "github"
      },
      "original": {
        "owner": "numtide",
        "repo": "flake-utils",
        "type": "github"
      }
    },
    "flake-utils_4": {
      "locked": {
        "lastModified": 1637014545,
        "narHash": "sha256-26IZAc5yzlD9FlDT54io1oqG/bBoyka+FJk5guaX4x4=",
        "owner": "numtide",
        "repo": "flake-utils",
        "rev": "bba5dcc8e0b20ab664967ad83d24d64cb64ec4f4",
        "type": "github"
      },
      "original": {
        "owner": "numtide",
        "repo": "flake-utils",
        "type": "github"
      }
    },
    "flake-utils_5": {
      "locked": {
        "lastModified": 1638122382,
        "narHash": "sha256-sQzZzAbvKEqN9s0bzWuYmRaA03v40gaJ4+iL1LXjaeI=",
        "owner": "numtide",
        "repo": "flake-utils",
        "rev": "74f7e4319258e287b0f9cb95426c9853b282730b",
        "type": "github"
      },
      "original": {
        "owner": "numtide",
        "repo": "flake-utils",
        "type": "github"
      }
    },
    "flake-utils_6": {
      "locked": {
        "lastModified": 1638122382,
        "narHash": "sha256-sQzZzAbvKEqN9s0bzWuYmRaA03v40gaJ4+iL1LXjaeI=",
        "owner": "numtide",
        "repo": "flake-utils",
        "rev": "74f7e4319258e287b0f9cb95426c9853b282730b",
        "type": "github"
      },
      "original": {
        "owner": "numtide",
        "repo": "flake-utils",
        "type": "github"
      }
    },
    "flake-utils_7": {
      "locked": {
        "lastModified": 1638122382,
        "narHash": "sha256-sQzZzAbvKEqN9s0bzWuYmRaA03v40gaJ4+iL1LXjaeI=",
        "owner": "numtide",
        "repo": "flake-utils",
        "rev": "74f7e4319258e287b0f9cb95426c9853b282730b",
        "type": "github"
      },
      "original": {
        "owner": "numtide",
        "repo": "flake-utils",
        "type": "github"
      }
    },
    "git-ignore-nix": {
      "inputs": {
        "nixpkgs": "nixpkgs_10"
      },
      "locked": {
        "lastModified": 1626413882,
        "narHash": "sha256-ZHw1YVsrs7rG9jPEH0ZabbbCTdnVr48FAwK6GCQPSF4=",
        "owner": "IvanMalison",
        "repo": "gitignore.nix",
        "rev": "a2ffb0bfd0145ca57d792a6f9f76f5c305ca29b7",
        "type": "github"
      },
      "original": {
        "owner": "IvanMalison",
        "ref": "master",
        "repo": "gitignore.nix",
        "type": "github"
      }
    },
    "git-ignore-nix_2": {
      "inputs": {
        "nixpkgs": "nixpkgs_12"
      },
      "locked": {
        "lastModified": 1626413882,
        "narHash": "sha256-ZHw1YVsrs7rG9jPEH0ZabbbCTdnVr48FAwK6GCQPSF4=",
        "owner": "IvanMalison",
        "repo": "gitignore.nix",
        "rev": "a2ffb0bfd0145ca57d792a6f9f76f5c305ca29b7",
        "type": "github"
      },
      "original": {
        "owner": "IvanMalison",
        "ref": "master",
        "repo": "gitignore.nix",
        "type": "github"
      }
    },
    "git-ignore-nix_3": {
      "inputs": {
        "nixpkgs": "nixpkgs_14"
      },
      "locked": {
        "lastModified": 1626413882,
        "narHash": "sha256-ZHw1YVsrs7rG9jPEH0ZabbbCTdnVr48FAwK6GCQPSF4=",
        "owner": "IvanMalison",
        "repo": "gitignore.nix",
        "rev": "a2ffb0bfd0145ca57d792a6f9f76f5c305ca29b7",
        "type": "github"
      },
      "original": {
        "owner": "IvanMalison",
        "ref": "master",
        "repo": "gitignore.nix",
        "type": "github"
      }
    },
    "home-manager": {
      "inputs": {
        "nixpkgs": [
          "nixpkgs"
        ]
      },
      "locked": {
        "lastModified": 1641236600,
        "narHash": "sha256-Xsy/vV1iEMjldygMYys9Y7w/h/suzQfdORVbBfih/PU=",
        "owner": "nix-community",
        "repo": "home-manager",
        "rev": "65e5b835a94b3bca9a1e219e5c43c1bc5fc04598",
        "type": "github"
      },
      "original": {
        "owner": "nix-community",
        "ref": "master",
        "repo": "home-manager",
        "type": "github"
      }
    },
    "kile-wl-src": {
      "flake": false,
      "locked": {
        "lastModified": 1637011519,
        "narHash": "sha256-NKsbQJ8mw/JDjxKJZ2nMNtq+WmMcjSBjOClIf/Jt9zQ=",
        "owner": "snakedye",
        "repo": "kile",
        "rev": "70c8a609c6b17573442519b82c9ccd39ec063723",
        "type": "gitlab"
      },
      "original": {
        "owner": "snakedye",
        "repo": "kile",
        "type": "gitlab"
      }
    },
    "layout-machi": {
      "flake": false,
      "locked": {
        "lastModified": 1641764319,
        "narHash": "sha256-FEQQUJcjCuH+FSl2F2sh9xAsDR1o1p+OAjMfkeLh7p0=",
        "owner": "xinhaoyuan",
        "repo": "layout-machi",
        "rev": "e413822ae1364e9ff182aeec1d149b0ecef22e8c",
        "type": "github"
      },
      "original": {
        "owner": "xinhaoyuan",
        "repo": "layout-machi",
        "type": "github"
      }
    },
    "naersk": {
      "inputs": {
        "nixpkgs": "nixpkgs_5"
      },
      "locked": {
        "lastModified": 1629707199,
        "narHash": "sha256-sGxlmfp5eXL5sAMNqHSb04Zq6gPl+JeltIZ226OYN0w=",
        "owner": "nmattia",
        "repo": "naersk",
        "rev": "df71f5e4babda41cd919a8684b72218e2e809fa9",
        "type": "github"
      },
      "original": {
        "owner": "nmattia",
        "repo": "naersk",
        "type": "github"
      }
    },
    "neovim-flake": {
      "inputs": {
        "flake-utils": "flake-utils",
        "nixpkgs": "nixpkgs"
      },
      "locked": {
        "dir": "contrib",
        "lastModified": 1641261796,
        "narHash": "sha256-6+nH6ptmb3DNQP+5X+HJFS8vESV6rJ8gQArFPy/z0CA=",
        "owner": "neovim",
        "repo": "neovim",
        "rev": "207307d0faf9b821cfd3cfeae4d027ab9ee5dbdb",
        "type": "github"
      },
      "original": {
        "dir": "contrib",
        "owner": "neovim",
        "repo": "neovim",
        "type": "github"
      }
    },
    "neovim-nightly": {
      "inputs": {
        "flake-compat": "flake-compat",
        "neovim-flake": "neovim-flake",
        "nixpkgs": "nixpkgs_2"
      },
      "locked": {
        "lastModified": 1641284102,
        "narHash": "sha256-I+tMrr6/LcuG54wLYykXeORPMG2r9LE5AN2lHUAFQl4=",
        "owner": "nix-community",
        "repo": "neovim-nightly-overlay",
        "rev": "c80ad9d2bff760d84fab4dc9d0b6fae2de08e2de",
        "type": "github"
      },
      "original": {
        "owner": "nix-community",
        "repo": "neovim-nightly-overlay",
        "type": "github"
      }
    },
    "nixpkgs": {
      "locked": {
        "lastModified": 1641230035,
        "narHash": "sha256-hFyqihERaTbLxCOlugy/rpp22VLtLh8SPRnA2uu3F/8=",
        "owner": "nixos",
        "repo": "nixpkgs",
        "rev": "78cd22c1b8604de423546cd49bfe264b786eca13",
        "type": "github"
      },
      "original": {
        "owner": "nixos",
        "ref": "nixos-unstable",
        "repo": "nixpkgs",
        "type": "github"
      }
    },
    "nixpkgs-f2k": {
      "inputs": {
        "alacritty-src": "alacritty-src",
        "awesome-src": "awesome-src",
        "eww": "eww",
        "flake-compat": "flake-compat_3",
        "flake-utils": "flake-utils_3",
        "kile-wl-src": "kile-wl-src",
        "nixpkgs": "nixpkgs_7",
        "nixpkgs-wayland": "nixpkgs-wayland",
        "picom-dccsillag": "picom-dccsillag",
        "picom-pijulius": "picom-pijulius",
        "picom-src": "picom-src",
        "river-src": "river-src",
        "rust-nightly": "rust-nightly",
        "sway-borders-src": "sway-borders-src",
        "xmonad": "xmonad",
        "xmonad-contrib": "xmonad-contrib"
      },
      "locked": {
        "lastModified": 1641350448,
        "narHash": "sha256-5UxrWjIGyetw14S639gCqqtVbJ0PyyHxHhwxhfnhTo8=",
        "owner": "fortuneteller2k",
        "repo": "nixpkgs-f2k",
        "rev": "138c7b11a1406c3d588daa07b912a33ee817de46",
        "type": "github"
      },
      "original": {
        "owner": "fortuneteller2k",
        "repo": "nixpkgs-f2k",
        "type": "github"
      }
    },
    "nixpkgs-wayland": {
      "inputs": {
        "cachix": "cachix",
        "nixpkgs": "nixpkgs_8"
      },
      "locked": {
        "lastModified": 1640387278,
        "narHash": "sha256-8bLZfs9aOHWR12HaUYz+4IC0zPo8SnqntDVN6Bb0XcM=",
        "owner": "nix-community",
        "repo": "nixpkgs-wayland",
        "rev": "1ffd1e219ef9ef8fa70fe4d0ce4b385ef48ba633",
        "type": "github"
      },
      "original": {
        "owner": "nix-community",
        "repo": "nixpkgs-wayland",
        "type": "github"
      }
    },
    "nixpkgs_10": {
      "locked": {
        "lastModified": 1641285291,
        "narHash": "sha256-KYaOBNGar3XWTxTsYPr9P6u74KAqNq0wobEC236U+0c=",
        "owner": "NixOS",
        "repo": "nixpkgs",
        "rev": "0432195a4b8d68faaa7d3d4b355260a3120aeeae",
        "type": "github"
      },
      "original": {
        "id": "nixpkgs",
        "type": "indirect"
      }
    },
    "nixpkgs_11": {
      "locked": {
        "lastModified": 1641285291,
        "narHash": "sha256-KYaOBNGar3XWTxTsYPr9P6u74KAqNq0wobEC236U+0c=",
        "owner": "NixOS",
        "repo": "nixpkgs",
        "rev": "0432195a4b8d68faaa7d3d4b355260a3120aeeae",
        "type": "github"
      },
      "original": {
        "id": "nixpkgs",
        "type": "indirect"
      }
    },
    "nixpkgs_12": {
      "locked": {
        "lastModified": 1641285291,
        "narHash": "sha256-KYaOBNGar3XWTxTsYPr9P6u74KAqNq0wobEC236U+0c=",
        "owner": "NixOS",
        "repo": "nixpkgs",
        "rev": "0432195a4b8d68faaa7d3d4b355260a3120aeeae",
        "type": "github"
      },
      "original": {
        "id": "nixpkgs",
        "type": "indirect"
      }
    },
    "nixpkgs_13": {
      "locked": {
        "lastModified": 1641285291,
        "narHash": "sha256-KYaOBNGar3XWTxTsYPr9P6u74KAqNq0wobEC236U+0c=",
        "owner": "NixOS",
        "repo": "nixpkgs",
        "rev": "0432195a4b8d68faaa7d3d4b355260a3120aeeae",
        "type": "github"
      },
      "original": {
        "id": "nixpkgs",
        "type": "indirect"
      }
    },
    "nixpkgs_14": {
      "locked": {
        "lastModified": 1641285291,
        "narHash": "sha256-KYaOBNGar3XWTxTsYPr9P6u74KAqNq0wobEC236U+0c=",
        "owner": "NixOS",
        "repo": "nixpkgs",
        "rev": "0432195a4b8d68faaa7d3d4b355260a3120aeeae",
        "type": "github"
      },
      "original": {
        "id": "nixpkgs",
        "type": "indirect"
      }
    },
    "nixpkgs_15": {
      "locked": {
        "lastModified": 1641285291,
        "narHash": "sha256-KYaOBNGar3XWTxTsYPr9P6u74KAqNq0wobEC236U+0c=",
        "owner": "NixOS",
        "repo": "nixpkgs",
        "rev": "0432195a4b8d68faaa7d3d4b355260a3120aeeae",
        "type": "github"
      },
      "original": {
        "id": "nixpkgs",
        "type": "indirect"
      }
    },
    "nixpkgs_2": {
      "locked": {
        "lastModified": 1641230035,
        "narHash": "sha256-hFyqihERaTbLxCOlugy/rpp22VLtLh8SPRnA2uu3F/8=",
        "owner": "nixos",
        "repo": "nixpkgs",
        "rev": "78cd22c1b8604de423546cd49bfe264b786eca13",
        "type": "github"
      },
      "original": {
        "owner": "nixos",
        "ref": "nixos-unstable",
        "repo": "nixpkgs",
        "type": "github"
      }
    },
    "nixpkgs_3": {
      "locked": {
        "lastModified": 1641230035,
        "narHash": "sha256-hFyqihERaTbLxCOlugy/rpp22VLtLh8SPRnA2uu3F/8=",
        "owner": "NixOS",
        "repo": "nixpkgs",
        "rev": "78cd22c1b8604de423546cd49bfe264b786eca13",
        "type": "github"
      },
      "original": {
        "id": "nixpkgs",
        "ref": "nixos-unstable",
        "type": "indirect"
      }
    },
    "nixpkgs_4": {
      "locked": {
        "lastModified": 1641230035,
        "narHash": "sha256-hFyqihERaTbLxCOlugy/rpp22VLtLh8SPRnA2uu3F/8=",
        "owner": "nixos",
        "repo": "nixpkgs",
        "rev": "78cd22c1b8604de423546cd49bfe264b786eca13",
        "type": "github"
      },
      "original": {
        "owner": "nixos",
        "ref": "nixos-unstable",
        "repo": "nixpkgs",
        "type": "github"
      }
    },
    "nixpkgs_5": {
      "locked": {
        "lastModified": 1630761588,
        "narHash": "sha256-7GXckvZy7DGh2KIyfdArqwnyeSc5Owy1fumEDQyd8eY=",
        "path": "/nix/store/8i2kd1ndvx8adgid7vf4szhxsh1f9pkm-source",
        "rev": "a51aa6523bd8ee985bc70987909eff235900197a",
        "type": "path"
      },
      "original": {
        "id": "nixpkgs",
        "type": "indirect"
      }
    },
    "nixpkgs_6": {
      "locked": {
        "lastModified": 1630140382,
        "narHash": "sha256-ntXepAHFlAEtaYIU5EzckRUODeeMgpu1u2Yug+4LFNc=",
        "owner": "NixOS",
        "repo": "nixpkgs",
        "rev": "08ef0f28e3a41424b92ba1d203de64257a9fca6a",
        "type": "github"
      },
      "original": {
        "id": "nixpkgs",
        "ref": "nixpkgs-unstable",
        "type": "indirect"
      }
    },
    "nixpkgs_7": {
      "locked": {
        "lastModified": 1641349854,
        "narHash": "sha256-tfbI1t/0wHqfCRaZv+X0p5xl+rM84WCb0h9WY0yiT5Q=",
        "owner": "NixOS",
        "repo": "nixpkgs",
        "rev": "2f23c4ee4b3181190f388528ac82bab07769fb23",
        "type": "github"
      },
      "original": {
        "owner": "NixOS",
        "ref": "master",
        "repo": "nixpkgs",
        "type": "github"
      }
    },
    "nixpkgs_8": {
      "locked": {
        "lastModified": 1640319671,
        "narHash": "sha256-ZkKmakwaOaLiZOpIZWbeJZwap5CzJ30s4UJTfydYIYc=",
        "owner": "nixos",
        "repo": "nixpkgs",
        "rev": "eac07edbd20ed4908b98790ba299250b5527ecdf",
        "type": "github"
      },
      "original": {
        "owner": "nixos",
        "ref": "nixos-unstable",
        "repo": "nixpkgs",
        "type": "github"
      }
    },
    "nixpkgs_9": {
      "locked": {
        "lastModified": 1637453606,
        "narHash": "sha256-Gy6cwUswft9xqsjWxFYEnx/63/qzaFUwatcbV5GF/GQ=",
        "owner": "NixOS",
        "repo": "nixpkgs",
        "rev": "8afc4e543663ca0a6a4f496262cd05233737e732",
        "type": "github"
      },
      "original": {
        "owner": "NixOS",
        "ref": "nixpkgs-unstable",
        "repo": "nixpkgs",
        "type": "github"
      }
    },
    "picom-dccsillag": {
      "flake": false,
      "locked": {
        "lastModified": 1632048604,
        "narHash": "sha256-gErByb5Z2UNXFUwBakfs9tqLXXeqn+OgPrQZyyv9E98=",
        "owner": "dccsillag",
        "repo": "picom",
        "rev": "6a5019896741ca365072a3a1450b5ba055332653",
        "type": "github"
      },
      "original": {
        "owner": "dccsillag",
        "ref": "implement-window-animations",
        "repo": "picom",
        "type": "github"
      }
    },
    "picom-pijulius": {
      "flake": false,
      "locked": {
        "lastModified": 1634982684,
        "narHash": "sha256-YiuLScDV9UfgI1MiYRtjgRkJ0VuA1TExATA2nJSJMhM=",
        "owner": "pijulius",
        "repo": "picom",
        "rev": "982bb43e5d4116f1a37a0bde01c9bda0b88705b9",
        "type": "github"
      },
      "original": {
        "owner": "pijulius",
        "ref": "implement-window-animations",
        "repo": "picom",
        "type": "github"
      }
    },
    "picom-src": {
      "flake": false,
      "locked": {
        "lastModified": 1637837551,
        "narHash": "sha256-VBnIzisg/7Xetd/AWVHlnaWXlxX+wqeYTpstO6+T5cE=",
        "owner": "yshui",
        "repo": "picom",
        "rev": "31e58712ec11b198340ae217d33a73d8ac73b7fe",
        "type": "github"
      },
      "original": {
        "owner": "yshui",
        "repo": "picom",
        "type": "github"
      }
    },
    "river-src": {
      "flake": false,
      "locked": {
        "lastModified": 1641152778,
        "narHash": "sha256-gOFOFSr0hRpoiFV28O/8Sa2oiKV4HZPpqVaB7ksNizw=",
        "ref": "master",
        "rev": "1c515759b4b6c3d8e5acbed157480dab7da00383",
        "revCount": 785,
        "submodules": true,
        "type": "git",
        "url": "https://github.com/ifreund/river.git"
      },
      "original": {
        "submodules": true,
        "type": "git",
        "url": "https://github.com/ifreund/river.git"
      }
    },
    "root": {
      "inputs": {
        "bling": "bling",
        "emacs-overlay": "emacs-overlay",
        "home-manager": "home-manager",
        "layout-machi": "layout-machi",
        "neovim-nightly": "neovim-nightly",
        "nixpkgs": "nixpkgs_3",
        "nixpkgs-f2k": "nixpkgs-f2k"
      }
    },
    "rust-analyzer-src": {
      "flake": false,
      "locked": {
        "lastModified": 1630870637,
        "narHash": "sha256-TacpTVvHAIs4kZ5vibj8luy/kryYwxY+OXFNPnqiXP0=",
        "owner": "rust-analyzer",
        "repo": "rust-analyzer",
        "rev": "b73b321478d3b2a98d380eb79de717e01620c4e9",
        "type": "github"
      },
      "original": {
        "owner": "rust-analyzer",
        "ref": "nightly",
        "repo": "rust-analyzer",
        "type": "github"
      }
    },
    "rust-nightly": {
      "inputs": {
        "flake-utils": "flake-utils_4",
        "nixpkgs": "nixpkgs_9"
      },
      "locked": {
        "lastModified": 1641264007,
        "narHash": "sha256-WRHtvq6mpuOtkzakwrigBRrD4UVVwUCb09tlxF0fNyI=",
        "owner": "oxalica",
        "repo": "rust-overlay",
        "rev": "d453c844766d33c68812a7410b7ebebe350e795e",
        "type": "github"
      },
      "original": {
        "owner": "oxalica",
        "repo": "rust-overlay",
        "type": "github"
      }
    },
    "sway-borders-src": {
      "flake": false,
      "locked": {
        "lastModified": 1639748388,
        "narHash": "sha256-iD3EL0hK1yNe37VmO1nCoy/Mu2wxU0fGhjpnsmEQpfM=",
        "owner": "fluix-dev",
        "repo": "sway-borders",
        "rev": "9ecbfe366596f627e843886d94e47097e19df5d5",
        "type": "github"
      },
      "original": {
        "owner": "fluix-dev",
        "repo": "sway-borders",
        "rev": "9ecbfe366596f627e843886d94e47097e19df5d5",
        "type": "github"
      }
    },
    "xmonad": {
      "inputs": {
        "flake-utils": "flake-utils_5",
        "git-ignore-nix": "git-ignore-nix",
        "nixpkgs": "nixpkgs_11"
      },
      "locked": {
        "lastModified": 1639248845,
        "narHash": "sha256-Tcahp3yQUFCqxIgmDAPdysxjGqpuP5ph7ZysnxeRkgY=",
        "owner": "xmonad",
        "repo": "xmonad",
        "rev": "e25d090112f2a76364a10b88a729b8586c18145b",
        "type": "github"
      },
      "original": {
        "owner": "xmonad",
        "repo": "xmonad",
        "type": "github"
      }
    },
    "xmonad-contrib": {
      "inputs": {
        "flake-utils": "flake-utils_6",
        "git-ignore-nix": "git-ignore-nix_2",
        "nixpkgs": "nixpkgs_13",
        "xmonad": "xmonad_2"
      },
      "locked": {
        "lastModified": 1641204522,
        "narHash": "sha256-LuE4cmXP+d5V4vWlsoxlMxF0QRDaSGYyNJ6u9Iw3olg=",
        "owner": "xmonad",
        "repo": "xmonad-contrib",
        "rev": "28d86f3a28ad36cf47de3421c201523f6021c6aa",
        "type": "github"
      },
      "original": {
        "owner": "xmonad",
        "repo": "xmonad-contrib",
        "type": "github"
      }
    },
    "xmonad_2": {
      "inputs": {
        "flake-utils": "flake-utils_7",
        "git-ignore-nix": "git-ignore-nix_3",
        "nixpkgs": "nixpkgs_15"
      },
      "locked": {
        "lastModified": 1639248845,
        "narHash": "sha256-Tcahp3yQUFCqxIgmDAPdysxjGqpuP5ph7ZysnxeRkgY=",
        "owner": "xmonad",
        "repo": "xmonad",
        "rev": "e25d090112f2a76364a10b88a729b8586c18145b",
        "type": "github"
      },
      "original": {
        "owner": "xmonad",
        "repo": "xmonad",
        "type": "github"
      }
    }
  },
  "root": "root",
  "version": 7
}
